Microsoft Visual Studio Solution File, Format Version 11.00
# Visual Studio 2008

Project("{99311F41-F5DC-CCE7-A725-A498B35CB436}") = "HashDash", "Assembly-CSharp-firstpass-vs.csproj", "{407FC068-EE6E-EA07-1EE1-77437E6C1360}"
EndProject
Project("{99311F41-F5DC-CCE7-A725-A498B35CB436}") = "HashDash", "Assembly-CSharp-vs.csproj", "{F0AA9A4B-C7BD-0869-0506-CAC19B25926F}"
EndProject
Project("{99311F41-F5DC-CCE7-A725-A498B35CB436}") = "HashDash", "Assembly-CSharp-Editor-vs.csproj", "{9B83D837-B6F1-8B5E-6EFD-17E19BFE98AB}"
EndProject
Global
	GlobalSection(SolutionConfigurationPlatforms) = preSolution
		Debug|Any CPU = Debug|Any CPU
		Release|Any CPU = Release|Any CPU
	EndGlobalSection
	GlobalSection(ProjectConfigurationPlatforms) = postSolution
		{407FC068-EE6E-EA07-1EE1-77437E6C1360}.Debug|Any CPU.ActiveCfg = Debug|Any CPU
		{407FC068-EE6E-EA07-1EE1-77437E6C1360}.Debug|Any CPU.Build.0 = Debug|Any CPU
		{407FC068-EE6E-EA07-1EE1-77437E6C1360}.Release|Any CPU.ActiveCfg = Release|Any CPU
		{407FC068-EE6E-EA07-1EE1-77437E6C1360}.Release|Any CPU.Build.0 = Release|Any CPU
		{F0AA9A4B-C7BD-0869-0506-CAC19B25926F}.Debug|Any CPU.ActiveCfg = Debug|Any CPU
		{F0AA9A4B-C7BD-0869-0506-CAC19B25926F}.Debug|Any CPU.Build.0 = Debug|Any CPU
		{F0AA9A4B-C7BD-0869-0506-CAC19B25926F}.Release|Any CPU.ActiveCfg = Release|Any CPU
		{F0AA9A4B-C7BD-0869-0506-CAC19B25926F}.Release|Any CPU.Build.0 = Release|Any CPU
		{9B83D837-B6F1-8B5E-6EFD-17E19BFE98AB}.Debug|Any CPU.ActiveCfg = Debug|Any CPU
		{9B83D837-B6F1-8B5E-6EFD-17E19BFE98AB}.Debug|Any CPU.Build.0 = Debug|Any CPU
		{9B83D837-B6F1-8B5E-6EFD-17E19BFE98AB}.Release|Any CPU.ActiveCfg = Release|Any CPU
		{9B83D837-B6F1-8B5E-6EFD-17E19BFE98AB}.Release|Any CPU.Build.0 = Release|Any CPU
	EndGlobalSection
	GlobalSection(SolutionProperties) = preSolution
		HideSolutionNode = FALSE
	EndGlobalSection
																				GlobalSection(MonoDevelopProperties) = preSolution
		StartupItem = Assembly-CSharp.csproj
		Policies = $0
		$0.TextStylePolicy = $1
		$1.inheritsSet = null
		$1.scope = text/x-csharp
		$0.CSharpFormattingPolicy = $2
		$2.inheritsSet = Mono
		$2.inheritsScope = text/x-csharp
		$2.scope = text/x-csharp
		$0.TextStylePolicy = $3
		$3.FileWidth = 120
		$3.TabWidth = 4
		$3.IndentWidth = 4
		$3.EolMarker = Unix
		$3.inheritsSet = Mono
		$3.inheritsScope = text/plain
		$3.scope = text/plain
	EndGlobalSection

EndGlobal
